
Microsoft Visual Studio Solution File, Format Version 12.00
# Visual Studio Version 17
VisualStudioVersion = 17.11.35208.52
MinimumVisualStudioVersion = 10.0.40219.1
Project("{FAE04EC0-301F-11D3-BF4B-00C04F79EFBC}") = "Asp.NetCore6.0_LabourPest_Project", "Asp.NetCore6.0_LabourPest_Project\Asp.NetCore6.0_LabourPest_Project.csproj", "{5D925D12-44B6-4D03-92B7-C6F5759123CE}"
EndProject
Global
	GlobalSection(SolutionConfigurationPlatforms) = preSolution
		Debug|Any CPU = Debug|Any CPU
		Release|Any CPU = Release|Any CPU
	EndGlobalSection
	GlobalSection(ProjectConfigurationPlatforms) = postSolution
		{5D925D12-44B6-4D03-92B7-C6F5759123CE}.Debug|Any CPU.ActiveCfg = Debug|Any CPU
		{5D925D12-44B6-4D03-92B7-C6F5759123CE}.Debug|Any CPU.Build.0 = Debug|Any CPU
		{5D925D12-44B6-4D03-92B7-C6F5759123CE}.Release|Any CPU.ActiveCfg = Release|Any CPU
		{5D925D12-44B6-4D03-92B7-C6F5759123CE}.Release|Any CPU.Build.0 = Release|Any CPU
	EndGlobalSection
	GlobalSection(SolutionProperties) = preSolution
		HideSolutionNode = FALSE
	EndGlobalSection
	GlobalSection(ExtensibilityGlobals) = postSolution
		SolutionGuid = {257FE528-6AFA-41ED-901F-24A76E5BCB73}
	EndGlobalSection
EndGlobal
